version = 1
revision = 3
requires-python = ">=3.11"

[[package]]
name = "cloudpickle"
version = "3.1.2"
source = { registry = "https://pypi.org/simple" }
sdist = { url = "https://files.pythonhosted.org/packages/27/fb/576f067976d320f5f0114a8d9fa1215425441bb35627b1993e5afd8111e5/cloudpickle-3.1.2.tar.gz", hash = "sha256:7fda9eb655c9c230dab534f1983763de5835249750e85fbcef43aaa30a9a2414", size = 22330, upload-time = "2025-11-03T09:25:26.604Z" }
wheels = [
    { url = "https://files.pythonhosted.org/packages/88/39/799be3f2f0f38cc727ee3b4f1445fe6d5e4133064ec2e4115069418a5bb6/cloudpickle-3.1.2-py3-none-any.whl", hash = "sha256:9acb47f6afd73f60dc1df93bb801b472f05ff42fa6c84167d25cb206be1fbf4a", size = 22228, upload-time = "2025-11-03T09:25:25.534Z" },
]

[[package]]
name = "crisp-gym"
version = "4.2.0"
source = { editable = "." }
dependencies = [
    { name = "crisp-python" },
    { name = "gymnasium" },
    { name = "rich" },
    { name = "ruff" },
    { name = "scipy" },
]

[package.metadata]
requires-dist = [
    { name = "crisp-python", specifier = ">=3.0.0,<4" },
    { name = "gymnasium", specifier = ">=0.26.3,<2" },
    { name = "rich", specifier = ">=14.0.0,<15" },
    { name = "ruff", specifier = ">=0.11.9" },
    { name = "scipy", specifier = ">=1.15.2,<2" },
]

[[package]]
name = "crisp-python"
version = "3.2.0"
source = { registry = "https://pypi.org/simple" }
dependencies = [
    { name = "numpy" },
    { name = "scipy" },
]
sdist = { url = "https://files.pythonhosted.org/packages/08/b2/52b8c6264c644c039cbdc3b6dc06bf5e4fbd9a64db39006e7e791f838725/crisp_python-3.2.0.tar.gz", hash = "sha256:6d1b5193a1df44feb2a9fd802a4d09234d99416e1f23e8386483846caf612324", size = 36482, upload-time = "2026-02-11T14:23:14.902Z" }
wheels = [
    { url = "https://files.pythonhosted.org/packages/55/21/261f80bc34ccd760151b05724d8bb30fb693ea167fd070fdb786895c4678/crisp_python-3.2.0-py3-none-any.whl", hash = "sha256:7c6b8c84b0c5a2189b3f64737680d9c60061dabda1acd34442b15cebaea92584", size = 53140, upload-time = "2026-02-11T14:23:14.111Z" },
]

[[package]]
name = "farama-notifications"
version = "0.0.4"
source = { registry = "https://pypi.org/simple" }
sdist = { url = "https://files.pythonhosted.org/packages/2e/2c/8384832b7a6b1fd6ba95bbdcae26e7137bb3eedc955c42fd5cdcc086cfbf/Farama-Notifications-0.0.4.tar.gz", hash = "sha256:13fceff2d14314cf80703c8266462ebf3733c7d165336eee998fc58e545efd18", size = 2131, upload-time = "2023-02-27T18:28:41.047Z" }
wheels = [
    { url = "https://files.pythonhosted.org/packages/05/2c/ffc08c54c05cdce6fbed2aeebc46348dbe180c6d2c541c7af7ba0aa5f5f8/Farama_Notifications-0.0.4-py3-none-any.whl", hash = "sha256:14de931035a41961f7c056361dc7f980762a143d05791ef5794a751a2caf05ae", size = 2511, upload-time = "2023-02-27T18:28:39.447Z" },
]

[[package]]
name = "gymnasium"
version = "1.2.3"
source = { registry = "https://pypi.org/simple" }
dependencies = [
    { name = "cloudpickle" },
    { name = "farama-notifications" },
    { name = "numpy" },
    { name = "typing-extensions" },
]
sdist = { url = "https://files.pythonhosted.org/packages/76/59/653a9417d98ed3e29ef9734ba52c3495f6c6823b8d5c0c75369f25111708/gymnasium-1.2.3.tar.gz", hash = "sha256:2b2cb5b5fbbbdf3afb9f38ca952cc48aa6aa3e26561400d940747fda3ad42509", size = 829230, upload-time = "2025-12-18T16:51:10.234Z" }
wheels = [
    { url = "https://files.pythonhosted.org/packages/56/d3/ea5f088e3638dbab12e5c20d6559d5b3bdaeaa1f2af74e526e6815836285/gymnasium-1.2.3-py3-none-any.whl", hash = "sha256:e6314bba8f549c7fdcc8677f7cd786b64908af6e79b57ddaa5ce1825bffb5373", size = 952113, upload-time = "2025-12-18T16:51:08.445Z" },
]

[[package]]
name = "markdown-it-py"
version = "4.0.0"
source = { registry = "https://pypi.org/simple" }
dependencies = [
    { name = "mdurl" },
]
sdist = { url = "https://files.pythonhosted.org/packages/5b/f5/4ec618ed16cc4f8fb3b701563655a69816155e79e24a17b651541804721d/markdown_it_py-4.0.0.tar.gz", hash = "sha256:cb0a2b4aa34f932c007117b194e945bd74e0ec24133ceb5bac59009cda1cb9f3", size = 73070, upload-time = "2025-08-11T12:57:52.854Z" }
wheels = [
    { url = "https://files.pythonhosted.org/packages/94/54/e7d793b573f298e1c9013b8c4dade17d481164aa517d1d7148619c2cedbf/markdown_it_py-4.0.0-py3-none-any.whl", hash = "sha256:87327c59b172c5011896038353a81343b6754500a08cd7a4973bb48c6d578147", size = 87321, upload-time = "2025-08-11T12:57:51.923Z" },
]

[[package]]
name = "mdurl"
version = "0.1.2"
source = { registry = "https://pypi.org/simple" }
sdist = { url = "https://files.pythonhosted.org/packages/d6/54/cfe61301667036ec958cb99bd3efefba235e65cdeb9c84d24a8293ba1d90/mdurl-0.1.2.tar.gz", hash = "sha256:bb413d29f5eea38f31dd4754dd7377d4465116fb207585f97bf925588687c1ba", size = 8729, upload-time = "2022-08-14T12:40:10.846Z" }
wheels = [
    { url = "https://files.pythonhosted.org/packages/b3/38/89ba8ad64ae25be8de66a6d463314cf1eb366222074cfda9ee839c56a4b4/mdurl-0.1.2-py3-none-any.whl", hash = "sha256:84008a41e51615a49fc9966191ff91509e3c40b939176e643fd50a5c2196b8f8", size = 9979, upload-time = "2022-08-14T12:40:09.779Z" },
]

[[package]]
name = "numpy"
version = "2.3.0"
source = { registry = "https://pypi.org/simple" }
sdist = { url = "https://files.pythonhosted.org/packages/f3/db/8e12381333aea300890829a0a36bfa738cac95475d88982d538725143fd9/numpy-2.3.0.tar.gz", hash = "sha256:581f87f9e9e9db2cba2141400e160e9dd644ee248788d6f90636eeb8fd9260a6", size = 20382813, upload-time = "2025-06-07T14:54:32.608Z" }
wheels = [
    { url = "https://files.pythonhosted.org/packages/fd/5f/df67435257d827eb3b8af66f585223dc2c3f2eb7ad0b50cb1dae2f35f494/numpy-2.3.0-cp311-cp311-macosx_10_9_x86_64.whl", hash = "sha256:c3c9fdde0fa18afa1099d6257eb82890ea4f3102847e692193b54e00312a9ae9", size = 21199688, upload-time = "2025-06-07T14:36:52.067Z" },
    { url = "https://files.pythonhosted.org/packages/e5/ce/aad219575055d6c9ef29c8c540c81e1c38815d3be1fe09cdbe53d48ee838/numpy-2.3.0-cp311-cp311-macosx_11_0_arm64.whl", hash = "sha256:46d16f72c2192da7b83984aa5455baee640e33a9f1e61e656f29adf55e406c2b", size = 14359277, upload-time = "2025-06-07T14:37:15.325Z" },
    { url = "https://files.pythonhosted.org/packages/29/6b/2d31da8e6d2ec99bed54c185337a87f8fbeccc1cd9804e38217e92f3f5e2/numpy-2.3.0-cp311-cp311-macosx_14_0_arm64.whl", hash = "sha256:a0be278be9307c4ab06b788f2a077f05e180aea817b3e41cebbd5aaf7bd85ed3", size = 5376069, upload-time = "2025-06-07T14:37:25.636Z" },
    { url = "https://files.pythonhosted.org/packages/7d/2a/6c59a062397553ec7045c53d5fcdad44e4536e54972faa2ba44153bca984/numpy-2.3.0-cp311-cp311-macosx_14_0_x86_64.whl", hash = "sha256:99224862d1412d2562248d4710126355d3a8db7672170a39d6909ac47687a8a4", size = 6913057, upload-time = "2025-06-07T14:37:37.215Z" },
    { url = "https://files.pythonhosted.org/packages/d5/5a/8df16f258d28d033e4f359e29d3aeb54663243ac7b71504e89deeb813202/numpy-2.3.0-cp311-cp311-manylinux_2_28_aarch64.whl", hash = "sha256:2393a914db64b0ead0ab80c962e42d09d5f385802006a6c87835acb1f58adb96", size = 14568083, upload-time = "2025-06-07T14:37:59.337Z" },
    { url = "https://files.pythonhosted.org/packages/0a/92/0528a563dfc2cdccdcb208c0e241a4bb500d7cde218651ffb834e8febc50/numpy-2.3.0-cp311-cp311-manylinux_2_28_x86_64.whl", hash = "sha256:7729c8008d55e80784bd113787ce876ca117185c579c0d626f59b87d433ea779", size = 16929402, upload-time = "2025-06-07T14:38:24.343Z" },
    { url = "https://files.pythonhosted.org/packages/e4/2f/e7a8c8d4a2212c527568d84f31587012cf5497a7271ea1f23332142f634e/numpy-2.3.0-cp311-cp311-musllinux_1_2_aarch64.whl", hash = "sha256:06d4fb37a8d383b769281714897420c5cc3545c79dc427df57fc9b852ee0bf58", size = 15879193, upload-time = "2025-06-07T14:38:48.007Z" },
    { url = "https://files.pythonhosted.org/packages/e2/c3/dada3f005953847fe35f42ac0fe746f6e1ea90b4c6775e4be605dcd7b578/numpy-2.3.0-cp311-cp311-musllinux_1_2_x86_64.whl", hash = "sha256:c39ec392b5db5088259c68250e342612db82dc80ce044cf16496cf14cf6bc6f8", size = 18665318, upload-time = "2025-06-07T14:39:15.794Z" },
    { url = "https://files.pythonhosted.org/packages/3b/ae/3f448517dedefc8dd64d803f9d51a8904a48df730e00a3c5fb1e75a60620/numpy-2.3.0-cp311-cp311-win32.whl", hash = "sha256:ee9d3ee70d62827bc91f3ea5eee33153212c41f639918550ac0475e3588da59f", size = 6601108, upload-time = "2025-06-07T14:39:27.176Z" },
    { url = "https://files.pythonhosted.org/packages/8c/4a/556406d2bb2b9874c8cbc840c962683ac28f21efbc9b01177d78f0199ca1/numpy-2.3.0-cp311-cp311-win_amd64.whl", hash = "sha256:43c55b6a860b0eb44d42341438b03513cf3879cb3617afb749ad49307e164edd", size = 13021525, upload-time = "2025-06-07T14:39:46.637Z" },
    { url = "https://files.pythonhosted.org/packages/ed/ee/bf54278aef30335ffa9a189f869ea09e1a195b3f4b93062164a3b02678a7/numpy-2.3.0-cp311-cp311-win_arm64.whl", hash = "sha256:2e6a1409eee0cb0316cb64640a49a49ca44deb1a537e6b1121dc7c458a1299a8", size = 10170327, upload-time = "2025-06-07T14:40:02.703Z" },
    { url = "https://files.pythonhosted.org/packages/89/59/9df493df81ac6f76e9f05cdbe013cdb0c9a37b434f6e594f5bd25e278908/numpy-2.3.0-cp312-cp312-macosx_10_13_x86_64.whl", hash = "sha256:389b85335838155a9076e9ad7f8fdba0827496ec2d2dc32ce69ce7898bde03ba", size = 20897025, upload-time = "2025-06-07T14:40:33.558Z" },
    { url = "https://files.pythonhosted.org/packages/2f/86/4ff04335901d6cf3a6bb9c748b0097546ae5af35e455ae9b962ebff4ecd7/numpy-2.3.0-cp312-cp312-macosx_11_0_arm64.whl", hash = "sha256:9498f60cd6bb8238d8eaf468a3d5bb031d34cd12556af53510f05fcf581c1b7e", size = 14129882, upload-time = "2025-06-07T14:40:55.034Z" },
    { url = "https://files.pythonhosted.org/packages/71/8d/a942cd4f959de7f08a79ab0c7e6cecb7431d5403dce78959a726f0f57aa1/numpy-2.3.0-cp312-cp312-macosx_14_0_arm64.whl", hash = "sha256:622a65d40d8eb427d8e722fd410ac3ad4958002f109230bc714fa551044ebae2", size = 5110181, upload-time = "2025-06-07T14:41:04.4Z" },
    { url = "https://files.pythonhosted.org/packages/86/5d/45850982efc7b2c839c5626fb67fbbc520d5b0d7c1ba1ae3651f2f74c296/numpy-2.3.0-cp312-cp312-macosx_14_0_x86_64.whl", hash = "sha256:b9446d9d8505aadadb686d51d838f2b6688c9e85636a0c3abaeb55ed54756459", size = 6647581, upload-time = "2025-06-07T14:41:14.695Z" },
    { url = "https://files.pythonhosted.org/packages/1a/c0/c871d4a83f93b00373d3eebe4b01525eee8ef10b623a335ec262b58f4dc1/numpy-2.3.0-cp312-cp312-manylinux_2_28_aarch64.whl", hash = "sha256:50080245365d75137a2bf46151e975de63146ae6d79f7e6bd5c0e85c9931d06a", size = 14262317, upload-time = "2025-06-07T14:41:35.862Z" },
    { url = "https://files.pythonhosted.org/packages/b7/f6/bc47f5fa666d5ff4145254f9e618d56e6a4ef9b874654ca74c19113bb538/numpy-2.3.0-cp312-cp312-manylinux_2_28_x86_64.whl", hash = "sha256:c24bb4113c66936eeaa0dc1e47c74770453d34f46ee07ae4efd853a2ed1ad10a", size = 16633919, upload-time = "2025-06-07T14:42:00.622Z" },
    { url = "https://files.pythonhosted.org/packages/f5/b4/65f48009ca0c9b76df5f404fccdea5a985a1bb2e34e97f21a17d9ad1a4ba/numpy-2.3.0-cp312-cp312-musllinux_1_2_aarch64.whl", hash = "sha256:4d8d294287fdf685281e671886c6dcdf0291a7c19db3e5cb4178d07ccf6ecc67", size = 15567651, upload-time = "2025-06-07T14:42:24.429Z" },
    { url = "https://files.pythonhosted.org/packages/f1/62/5367855a2018578e9334ed08252ef67cc302e53edc869666f71641cad40b/numpy-2.3.0-cp312-cp312-musllinux_1_2_x86_64.whl", hash = "sha256:6295f81f093b7f5769d1728a6bd8bf7466de2adfa771ede944ce6711382b89dc", size = 18361723, upload-time = "2025-06-07T14:42:51.167Z" },
    { url = "https://files.pythonhosted.org/packages/d4/75/5baed8cd867eabee8aad1e74d7197d73971d6a3d40c821f1848b8fab8b84/numpy-2.3.0-cp312-cp312-win32.whl", hash = "sha256:e6648078bdd974ef5d15cecc31b0c410e2e24178a6e10bf511e0557eed0f2570", size = 6318285, upload-time = "2025-06-07T14:43:02.052Z" },
    { url = "https://files.pythonhosted.org/packages/bc/49/d5781eaa1a15acb3b3a3f49dc9e2ff18d92d0ce5c2976f4ab5c0a7360250/numpy-2.3.0-cp312-cp312-win_amd64.whl", hash = "sha256:0898c67a58cdaaf29994bc0e2c65230fd4de0ac40afaf1584ed0b02cd74c6fdd", size = 12732594, upload-time = "2025-06-07T14:43:21.071Z" },
    { url = "https://files.pythonhosted.org/packages/c2/1c/6d343e030815c7c97a1f9fbad00211b47717c7fe446834c224bd5311e6f1/numpy-2.3.0-cp312-cp312-win_arm64.whl", hash = "sha256:bd8df082b6c4695753ad6193018c05aac465d634834dca47a3ae06d4bb22d9ea", size = 9891498, upload-time = "2025-06-07T14:43:36.332Z" },
    { url = "https://files.pythonhosted.org/packages/73/fc/1d67f751fd4dbafc5780244fe699bc4084268bad44b7c5deb0492473127b/numpy-2.3.0-cp313-cp313-macosx_10_13_x86_64.whl", hash = "sha256:5754ab5595bfa2c2387d241296e0381c21f44a4b90a776c3c1d39eede13a746a", size = 20889633, upload-time = "2025-06-07T14:44:06.839Z" },
    { url = "https://files.pythonhosted.org/packages/e8/95/73ffdb69e5c3f19ec4530f8924c4386e7ba097efc94b9c0aff607178ad94/numpy-2.3.0-cp313-cp313-macosx_11_0_arm64.whl", hash = "sha256:d11fa02f77752d8099573d64e5fe33de3229b6632036ec08f7080f46b6649959", size = 14151683, upload-time = "2025-06-07T14:44:28.847Z" },
    { url = "https://files.pythonhosted.org/packages/64/d5/06d4bb31bb65a1d9c419eb5676173a2f90fd8da3c59f816cc54c640ce265/numpy-2.3.0-cp313-cp313-macosx_14_0_arm64.whl", hash = "sha256:aba48d17e87688a765ab1cd557882052f238e2f36545dfa8e29e6a91aef77afe", size = 5102683, upload-time = "2025-06-07T14:44:38.417Z" },
    { url = "https://files.pythonhosted.org/packages/12/8b/6c2cef44f8ccdc231f6b56013dff1d71138c48124334aded36b1a1b30c5a/numpy-2.3.0-cp313-cp313-macosx_14_0_x86_64.whl", hash = "sha256:4dc58865623023b63b10d52f18abaac3729346a7a46a778381e0e3af4b7f3beb", size = 6640253, upload-time = "2025-06-07T14:44:49.359Z" },
    { url = "https://files.pythonhosted.org/packages/62/aa/fca4bf8de3396ddb59544df9b75ffe5b73096174de97a9492d426f5cd4aa/numpy-2.3.0-cp313-cp313-manylinux_2_28_aarch64.whl", hash = "sha256:df470d376f54e052c76517393fa443758fefcdd634645bc9c1f84eafc67087f0", size = 14258658, upload-time = "2025-06-07T14:45:10.156Z" },
    { url = "https://files.pythonhosted.org/packages/1c/12/734dce1087eed1875f2297f687e671cfe53a091b6f2f55f0c7241aad041b/numpy-2.3.0-cp313-cp313-manylinux_2_28_x86_64.whl", hash = "sha256:87717eb24d4a8a64683b7a4e91ace04e2f5c7c77872f823f02a94feee186168f", size = 16628765, upload-time = "2025-06-07T14:45:35.076Z" },
    { url = "https://files.pythonhosted.org/packages/48/03/ffa41ade0e825cbcd5606a5669962419528212a16082763fc051a7247d76/numpy-2.3.0-cp313-cp313-musllinux_1_2_aarch64.whl", hash = "sha256:d8fa264d56882b59dcb5ea4d6ab6f31d0c58a57b41aec605848b6eb2ef4a43e8", size = 15564335, upload-time = "2025-06-07T14:45:58.797Z" },
    { url = "https://files.pythonhosted.org/packages/07/58/869398a11863310aee0ff85a3e13b4c12f20d032b90c4b3ee93c3b728393/numpy-2.3.0-cp313-cp313-musllinux_1_2_x86_64.whl", hash = "sha256:e651756066a0eaf900916497e20e02fe1ae544187cb0fe88de981671ee7f6270", size = 18360608, upload-time = "2025-06-07T14:46:25.687Z" },
    { url = "https://files.pythonhosted.org/packages/2f/8a/5756935752ad278c17e8a061eb2127c9a3edf4ba2c31779548b336f23c8d/numpy-2.3.0-cp313-cp313-win32.whl", hash = "sha256:e43c3cce3b6ae5f94696669ff2a6eafd9a6b9332008bafa4117af70f4b88be6f", size = 6310005, upload-time = "2025-06-07T14:50:13.138Z" },
    { url = "https://files.pythonhosted.org/packages/08/60/61d60cf0dfc0bf15381eaef46366ebc0c1a787856d1db0c80b006092af84/numpy-2.3.0-cp313-cp313-win_amd64.whl", hash = "sha256:81ae0bf2564cf475f94be4a27ef7bcf8af0c3e28da46770fc904da9abd5279b5", size = 12729093, upload-time = "2025-06-07T14:50:31.82Z" },
    { url = "https://files.pythonhosted.org/packages/66/31/2f2f2d2b3e3c32d5753d01437240feaa32220b73258c9eef2e42a0832866/numpy-2.3.0-cp313-cp313-win_arm64.whl", hash = "sha256:c8738baa52505fa6e82778580b23f945e3578412554d937093eac9205e845e6e", size = 9885689, upload-time = "2025-06-07T14:50:47.888Z" },
    { url = "https://files.pythonhosted.org/packages/f1/89/c7828f23cc50f607ceb912774bb4cff225ccae7131c431398ad8400e2c98/numpy-2.3.0-cp313-cp313t-macosx_10_13_x86_64.whl", hash = "sha256:39b27d8b38942a647f048b675f134dd5a567f95bfff481f9109ec308515c51d8", size = 20986612, upload-time = "2025-06-07T14:46:56.077Z" },
    { url = "https://files.pythonhosted.org/packages/dd/46/79ecf47da34c4c50eedec7511e53d57ffdfd31c742c00be7dc1d5ffdb917/numpy-2.3.0-cp313-cp313t-macosx_11_0_arm64.whl", hash = "sha256:0eba4a1ea88f9a6f30f56fdafdeb8da3774349eacddab9581a21234b8535d3d3", size = 14298953, upload-time = "2025-06-07T14:47:18.053Z" },
    { url = "https://files.pythonhosted.org/packages/59/44/f6caf50713d6ff4480640bccb2a534ce1d8e6e0960c8f864947439f0ee95/numpy-2.3.0-cp313-cp313t-macosx_14_0_arm64.whl", hash = "sha256:b0f1f11d0a1da54927436505a5a7670b154eac27f5672afc389661013dfe3d4f", size = 5225806, upload-time = "2025-06-07T14:47:27.524Z" },
    { url = "https://files.pythonhosted.org/packages/a6/43/e1fd1aca7c97e234dd05e66de4ab7a5be54548257efcdd1bc33637e72102/numpy-2.3.0-cp313-cp313t-macosx_14_0_x86_64.whl", hash = "sha256:690d0a5b60a47e1f9dcec7b77750a4854c0d690e9058b7bef3106e3ae9117808", size = 6735169, upload-time = "2025-06-07T14:47:38.057Z" },
    { url = "https://files.pythonhosted.org/packages/84/89/f76f93b06a03177c0faa7ca94d0856c4e5c4bcaf3c5f77640c9ed0303e1c/numpy-2.3.0-cp313-cp313t-manylinux_2_28_aarch64.whl", hash = "sha256:8b51ead2b258284458e570942137155978583e407babc22e3d0ed7af33ce06f8", size = 14330701, upload-time = "2025-06-07T14:47:59.113Z" },
    { url = "https://files.pythonhosted.org/packages/aa/f5/4858c3e9ff7a7d64561b20580cf7cc5d085794bd465a19604945d6501f6c/numpy-2.3.0-cp313-cp313t-manylinux_2_28_x86_64.whl", hash = "sha256:aaf81c7b82c73bd9b45e79cfb9476cb9c29e937494bfe9092c26aece812818ad", size = 16692983, upload-time = "2025-06-07T14:48:24.196Z" },
    { url = "https://files.pythonhosted.org/packages/08/17/0e3b4182e691a10e9483bcc62b4bb8693dbf9ea5dc9ba0b77a60435074bb/numpy-2.3.0-cp313-cp313t-musllinux_1_2_aarch64.whl", hash = "sha256:f420033a20b4f6a2a11f585f93c843ac40686a7c3fa514060a97d9de93e5e72b", size = 15641435, upload-time = "2025-06-07T14:48:47.712Z" },
    { url = "https://files.pythonhosted.org/packages/4e/d5/463279fda028d3c1efa74e7e8d507605ae87f33dbd0543cf4c4527c8b882/numpy-2.3.0-cp313-cp313t-musllinux_1_2_x86_64.whl", hash = "sha256:d344ca32ab482bcf8735d8f95091ad081f97120546f3d250240868430ce52555", size = 18433798, upload-time = "2025-06-07T14:49:14.866Z" },
    { url = "https://files.pythonhosted.org/packages/0e/1e/7a9d98c886d4c39a2b4d3a7c026bffcf8fbcaf518782132d12a301cfc47a/numpy-2.3.0-cp313-cp313t-win32.whl", hash = "sha256:48a2e8eaf76364c32a1feaa60d6925eaf32ed7a040183b807e02674305beef61", size = 6438632, upload-time = "2025-06-07T14:49:25.67Z" },
    { url = "https://files.pythonhosted.org/packages/fe/ab/66fc909931d5eb230107d016861824f335ae2c0533f422e654e5ff556784/numpy-2.3.0-cp313-cp313t-win_amd64.whl", hash = "sha256:ba17f93a94e503551f154de210e4d50c5e3ee20f7e7a1b5f6ce3f22d419b93bb", size = 12868491, upload-time = "2025-06-07T14:49:44.898Z" },
    { url = "https://files.pythonhosted.org/packages/ee/e8/2c8a1c9e34d6f6d600c83d5ce5b71646c32a13f34ca5c518cc060639841c/numpy-2.3.0-cp313-cp313t-win_arm64.whl", hash = "sha256:f14e016d9409680959691c109be98c436c6249eaf7f118b424679793607b5944", size = 9935345, upload-time = "2025-06-07T14:50:02.311Z" },
    { url = "https://files.pythonhosted.org/packages/6a/a2/f8c1133f90eaa1c11bbbec1dc28a42054d0ce74bc2c9838c5437ba5d4980/numpy-2.3.0-pp311-pypy311_pp73-macosx_10_15_x86_64.whl", hash = "sha256:80b46117c7359de8167cc00a2c7d823bdd505e8c7727ae0871025a86d668283b", size = 21070759, upload-time = "2025-06-07T14:51:18.241Z" },
    { url = "https://files.pythonhosted.org/packages/6c/e0/4c05fc44ba28463096eee5ae2a12832c8d2759cc5bcec34ae33386d3ff83/numpy-2.3.0-pp311-pypy311_pp73-macosx_14_0_arm64.whl", hash = "sha256:5814a0f43e70c061f47abd5857d120179609ddc32a613138cbb6c4e9e2dbdda5", size = 5301054, upload-time = "2025-06-07T14:51:27.413Z" },
    { url = "https://files.pythonhosted.org/packages/8a/3b/6c06cdebe922bbc2a466fe2105f50f661238ea223972a69c7deb823821e7/numpy-2.3.0-pp311-pypy311_pp73-macosx_14_0_x86_64.whl", hash = "sha256:ef6c1e88fd6b81ac6d215ed71dc8cd027e54d4bf1d2682d362449097156267a2", size = 6817520, upload-time = "2025-06-07T14:51:38.015Z" },
    { url = "https://files.pythonhosted.org/packages/9d/a3/1e536797fd10eb3c5dbd2e376671667c9af19e241843548575267242ea02/numpy-2.3.0-pp311-pypy311_pp73-manylinux_2_28_aarch64.whl", hash = "sha256:33a5a12a45bb82d9997e2c0b12adae97507ad7c347546190a18ff14c28bbca12", size = 14398078, upload-time = "2025-06-07T14:52:00.122Z" },
    { url = "https://files.pythonhosted.org/packages/7c/61/9d574b10d9368ecb1a0c923952aa593510a20df4940aa615b3a71337c8db/numpy-2.3.0-pp311-pypy311_pp73-manylinux_2_28_x86_64.whl", hash = "sha256:54dfc8681c1906d239e95ab1508d0a533c4a9505e52ee2d71a5472b04437ef97", size = 16751324, upload-time = "2025-06-07T14:52:25.077Z" },
    { url = "https://files.pythonhosted.org/packages/39/de/bcad52ce972dc26232629ca3a99721fd4b22c1d2bda84d5db6541913ef9c/numpy-2.3.0-pp311-pypy311_pp73-win_amd64.whl", hash = "sha256:e017a8a251ff4d18d71f139e28bdc7c31edba7a507f72b1414ed902cbe48c74d", size = 12924237, upload-time = "2025-06-07T14:52:44.713Z" },
]

[[package]]
name = "pygments"
version = "2.19.2"
source = { registry = "https://pypi.org/simple" }
sdist = { url = "https://files.pythonhosted.org/packages/b0/77/a5b8c569bf593b0140bde72ea885a803b82086995367bf2037de0159d924/pygments-2.19.2.tar.gz", hash = "sha256:636cb2477cec7f8952536970bc533bc43743542f70392ae026374600add5b887", size = 4968631, upload-time = "2025-06-21T13:39:12.283Z" }
wheels = [
    { url = "https://files.pythonhosted.org/packages/c7/21/705964c7812476f378728bdf590ca4b771ec72385c533964653c68e86bdc/pygments-2.19.2-py3-none-any.whl", hash = "sha256:86540386c03d588bb81d44bc3928634ff26449851e99741617ecb9037ee5ec0b", size = 1225217, upload-time = "2025-06-21T13:39:07.939Z" },
]

[[package]]
name = "rich"
version = "14.3.2"
source = { registry = "https://pypi.org/simple" }
dependencies = [
    { name = "markdown-it-py" },
    { name = "pygments" },
]
sdist = { url = "https://files.pythonhosted.org/packages/74/99/a4cab2acbb884f80e558b0771e97e21e939c5dfb460f488d19df485e8298/rich-14.3.2.tar.gz", hash = "sha256:e712f11c1a562a11843306f5ed999475f09ac31ffb64281f73ab29ffdda8b3b8", size = 230143, upload-time = "2026-02-01T16:20:47.908Z" }
wheels = [
    { url = "https://files.pythonhosted.org/packages/ef/45/615f5babd880b4bd7d405cc0dc348234c5ffb6ed1ea33e152ede08b2072d/rich-14.3.2-py3-none-any.whl", hash = "sha256:08e67c3e90884651da3239ea668222d19bea7b589149d8014a21c633420dbb69", size = 309963, upload-time = "2026-02-01T16:20:46.078Z" },
]

[[package]]
name = "ruff"
version = "0.15.1"
source = { registry = "https://pypi.org/simple" }
sdist = { url = "https://files.pythonhosted.org/packages/04/dc/4e6ac71b511b141cf626357a3946679abeba4cf67bc7cc5a17920f31e10d/ruff-0.15.1.tar.gz", hash = "sha256:c590fe13fb57c97141ae975c03a1aedb3d3156030cabd740d6ff0b0d601e203f", size = 4540855, upload-time = "2026-02-12T23:09:09.998Z" }
wheels = [
    { url = "https://files.pythonhosted.org/packages/23/bf/e6e4324238c17f9d9120a9d60aa99a7daaa21204c07fcd84e2ef03bb5fd1/ruff-0.15.1-py3-none-linux_armv6l.whl", hash = "sha256:b101ed7cf4615bda6ffe65bdb59f964e9f4a0d3f85cbf0e54f0ab76d7b90228a", size = 10367819, upload-time = "2026-02-12T23:09:03.598Z" },
    { url = "https://files.pythonhosted.org/packages/b3/ea/c8f89d32e7912269d38c58f3649e453ac32c528f93bb7f4219258be2e7ed/ruff-0.15.1-py3-none-macosx_10_12_x86_64.whl", hash = "sha256:939c995e9277e63ea632cc8d3fae17aa758526f49a9a850d2e7e758bfef46602", size = 10798618, upload-time = "2026-02-12T23:09:22.928Z" },
    { url = "https://files.pythonhosted.org/packages/5e/0f/1d0d88bc862624247d82c20c10d4c0f6bb2f346559d8af281674cf327f15/ruff-0.15.1-py3-none-macosx_11_0_arm64.whl", hash = "sha256:1d83466455fdefe60b8d9c8df81d3c1bbb2115cede53549d3b522ce2bc703899", size = 10148518, upload-time = "2026-02-12T23:08:58.339Z" },
    { url = "https://files.pythonhosted.org/packages/f5/c8/291c49cefaa4a9248e986256df2ade7add79388fe179e0691be06fae6f37/ruff-0.15.1-py3-none-manylinux_2_17_aarch64.manylinux2014_aarch64.whl", hash = "sha256:a9457e3c3291024866222b96108ab2d8265b477e5b1534c7ddb1810904858d16", size = 10518811, upload-time = "2026-02-12T23:09:31.865Z" },
    { url = "https://files.pythonhosted.org/packages/c3/1a/f5707440e5ae43ffa5365cac8bbb91e9665f4a883f560893829cf16a606b/ruff-0.15.1-py3-none-manylinux_2_17_armv7l.manylinux2014_armv7l.whl", hash = "sha256:92c92b003e9d4f7fbd33b1867bb15a1b785b1735069108dfc23821ba045b29bc", size = 10196169, upload-time = "2026-02-12T23:09:17.306Z" },
    { url = "https://files.pythonhosted.org/packages/2a/ff/26ddc8c4da04c8fd3ee65a89c9fb99eaa5c30394269d424461467be2271f/ruff-0.15.1-py3-none-manylinux_2_17_i686.manylinux2014_i686.whl", hash = "sha256:1fe5c41ab43e3a06778844c586251eb5a510f67125427625f9eb2b9526535779", size = 10990491, upload-time = "2026-02-12T23:09:25.503Z" },
    { url = "https://files.pythonhosted.org/packages/fc/00/50920cb385b89413f7cdb4bb9bc8fc59c1b0f30028d8bccc294189a54955/ruff-0.15.1-py3-none-manylinux_2_17_ppc64le.manylinux2014_ppc64le.whl", hash = "sha256:66a6dd6df4d80dc382c6484f8ce1bcceb55c32e9f27a8b94c32f6c7331bf14fb", size = 11843280, upload-time = "2026-02-12T23:09:19.88Z" },
    { url = "https://files.pythonhosted.org/packages/5d/6d/2f5cad8380caf5632a15460c323ae326f1e1a2b5b90a6ee7519017a017ca/ruff-0.15.1-py3-none-manylinux_2_17_s390x.manylinux2014_s390x.whl", hash = "sha256:6a4a42cbb8af0bda9bcd7606b064d7c0bc311a88d141d02f78920be6acb5aa83", size = 11274336, upload-time = "2026-02-12T23:09:14.907Z" },
    { url = "https://files.pythonhosted.org/packages/a3/1d/5f56cae1d6c40b8a318513599b35ea4b075d7dc1cd1d04449578c29d1d75/ruff-0.15.1-py3-none-manylinux_2_17_x86_64.manylinux2014_x86_64.whl", hash = "sha256:4ab064052c31dddada35079901592dfba2e05f5b1e43af3954aafcbc1096a5b2", size = 11137288, upload-time = "2026-02-12T23:09:07.475Z" },
    { url = "https://files.pythonhosted.org/packages/cd/20/6f8d7d8f768c93b0382b33b9306b3b999918816da46537d5a61635514635/ruff-0.15.1-py3-none-manylinux_2_31_riscv64.whl", hash = "sha256:5631c940fe9fe91f817a4c2ea4e81f47bee3ca4aa646134a24374f3c19ad9454", size = 11070681, upload-time = "2026-02-12T23:08:55.43Z" },
    { url = "https://files.pythonhosted.org/packages/9a/67/d640ac76069f64cdea59dba02af2e00b1fa30e2103c7f8d049c0cff4cafd/ruff-0.15.1-py3-none-musllinux_1_2_aarch64.whl", hash = "sha256:68138a4ba184b4691ccdc39f7795c66b3c68160c586519e7e8444cf5a53e1b4c", size = 10486401, upload-time = "2026-02-12T23:09:27.927Z" },
    { url = "https://files.pythonhosted.org/packages/65/3d/e1429f64a3ff89297497916b88c32a5cc88eeca7e9c787072d0e7f1d3e1e/ruff-0.15.1-py3-none-musllinux_1_2_armv7l.whl", hash = "sha256:518f9af03bfc33c03bdb4cb63fabc935341bb7f54af500f92ac309ecfbba6330", size = 10197452, upload-time = "2026-02-12T23:09:12.147Z" },
    { url = "https://files.pythonhosted.org/packages/78/83/e2c3bade17dad63bf1e1c2ffaf11490603b760be149e1419b07049b36ef2/ruff-0.15.1-py3-none-musllinux_1_2_i686.whl", hash = "sha256:da79f4d6a826caaea95de0237a67e33b81e6ec2e25fc7e1993a4015dffca7c61", size = 10693900, upload-time = "2026-02-12T23:09:34.418Z" },
    { url = "https://files.pythonhosted.org/packages/a1/27/fdc0e11a813e6338e0706e8b39bb7a1d61ea5b36873b351acee7e524a72a/ruff-0.15.1-py3-none-musllinux_1_2_x86_64.whl", hash = "sha256:3dd86dccb83cd7d4dcfac303ffc277e6048600dfc22e38158afa208e8bf94a1f", size = 11227302, upload-time = "2026-02-12T23:09:36.536Z" },
    { url = "https://files.pythonhosted.org/packages/f6/58/ac864a75067dcbd3b95be5ab4eb2b601d7fbc3d3d736a27e391a4f92a5c1/ruff-0.15.1-py3-none-win32.whl", hash = "sha256:660975d9cb49b5d5278b12b03bb9951d554543a90b74ed5d366b20e2c57c2098", size = 10462555, upload-time = "2026-02-12T23:09:29.899Z" },
    { url = "https://files.pythonhosted.org/packages/e0/5e/d4ccc8a27ecdb78116feac4935dfc39d1304536f4296168f91ed3ec00cd2/ruff-0.15.1-py3-none-win_amd64.whl", hash = "sha256:c820fef9dd5d4172a6570e5721704a96c6679b80cf7be41659ed439653f62336", size = 11599956, upload-time = "2026-02-12T23:09:01.157Z" },
    { url = "https://files.pythonhosted.org/packages/2a/07/5bda6a85b220c64c65686bc85bd0bbb23b29c62b3a9f9433fa55f17cda93/ruff-0.15.1-py3-none-win_arm64.whl", hash = "sha256:5ff7d5f0f88567850f45081fac8f4ec212be8d0b963e385c3f7d0d2eb4899416", size = 10874604, upload-time = "2026-02-12T23:09:05.515Z" },
]

[[package]]
name = "scipy"
version = "1.17.0"
source = { registry = "https://pypi.org/simple" }
dependencies = [
    { name = "numpy" },
]
sdist = { url = "https://files.pythonhosted.org/packages/56/3e/9cca699f3486ce6bc12ff46dc2031f1ec8eb9ccc9a320fdaf925f1417426/scipy-1.17.0.tar.gz", hash = "sha256:2591060c8e648d8b96439e111ac41fd8342fdeff1876be2e19dea3fe8930454e", size = 30396830, upload-time = "2026-01-10T21:34:23.009Z" }
wheels = [
    { url = "https://files.pythonhosted.org/packages/1e/4b/c89c131aa87cad2b77a54eb0fb94d633a842420fa7e919dc2f922037c3d8/scipy-1.17.0-cp311-cp311-macosx_10_14_x86_64.whl", hash = "sha256:2abd71643797bd8a106dff97894ff7869eeeb0af0f7a5ce02e4227c6a2e9d6fd", size = 31381316, upload-time = "2026-01-10T21:24:33.42Z" },
    { url = "https://files.pythonhosted.org/packages/5e/5f/a6b38f79a07d74989224d5f11b55267714707582908a5f1ae854cf9a9b84/scipy-1.17.0-cp311-cp311-macosx_12_0_arm64.whl", hash = "sha256:ef28d815f4d2686503e5f4f00edc387ae58dfd7a2f42e348bb53359538f01558", size = 27966760, upload-time = "2026-01-10T21:24:38.911Z" },
    { url = "https://files.pythonhosted.org/packages/c1/20/095ad24e031ee8ed3c5975954d816b8e7e2abd731e04f8be573de8740885/scipy-1.17.0-cp311-cp311-macosx_14_0_arm64.whl", hash = "sha256:272a9f16d6bb4667e8b50d25d71eddcc2158a214df1b566319298de0939d2ab7", size = 20138701, upload-time = "2026-01-10T21:24:43.249Z" },
    { url = "https://files.pythonhosted.org/packages/89/11/4aad2b3858d0337756f3323f8960755704e530b27eb2a94386c970c32cbe/scipy-1.17.0-cp311-cp311-macosx_14_0_x86_64.whl", hash = "sha256:7204fddcbec2fe6598f1c5fdf027e9f259106d05202a959a9f1aecf036adc9f6", size = 22480574, upload-time = "2026-01-10T21:24:47.266Z" },
    { url = "https://files.pythonhosted.org/packages/85/bd/f5af70c28c6da2227e510875cadf64879855193a687fb19951f0f44cfd6b/scipy-1.17.0-cp311-cp311-manylinux_2_27_aarch64.manylinux_2_28_aarch64.whl", hash = "sha256:fc02c37a5639ee67d8fb646ffded6d793c06c5622d36b35cfa8fe5ececb8f042", size = 32862414, upload-time = "2026-01-10T21:24:52.566Z" },
    { url = "https://files.pythonhosted.org/packages/ef/df/df1457c4df3826e908879fe3d76bc5b6e60aae45f4ee42539512438cfd5d/scipy-1.17.0-cp311-cp311-manylinux_2_27_x86_64.manylinux_2_28_x86_64.whl", hash = "sha256:dac97a27520d66c12a34fd90a4fe65f43766c18c0d6e1c0a80f114d2260080e4", size = 35112380, upload-time = "2026-01-10T21:24:58.433Z" },
    { url = "https://files.pythonhosted.org/packages/5f/bb/88e2c16bd1dd4de19d80d7c5e238387182993c2fb13b4b8111e3927ad422/scipy-1.17.0-cp311-cp311-musllinux_1_2_aarch64.whl", hash = "sha256:ebb7446a39b3ae0fe8f416a9a3fdc6fba3f11c634f680f16a239c5187bc487c0", size = 34922676, upload-time = "2026-01-10T21:25:04.287Z" },
    { url = "https://files.pythonhosted.org/packages/02/ba/5120242cc735f71fc002cff0303d536af4405eb265f7c60742851e7ccfe9/scipy-1.17.0-cp311-cp311-musllinux_1_2_x86_64.whl", hash = "sha256:474da16199f6af66601a01546144922ce402cb17362e07d82f5a6cf8f963e449", size = 37507599, upload-time = "2026-01-10T21:25:09.851Z" },
    { url = "https://files.pythonhosted.org/packages/52/c8/08629657ac6c0da198487ce8cd3de78e02cfde42b7f34117d56a3fe249dc/scipy-1.17.0-cp311-cp311-win_amd64.whl", hash = "sha256:255c0da161bd7b32a6c898e7891509e8a9289f0b1c6c7d96142ee0d2b114c2ea", size = 36380284, upload-time = "2026-01-10T21:25:15.632Z" },
    { url = "https://files.pythonhosted.org/packages/6c/4a/465f96d42c6f33ad324a40049dfd63269891db9324aa66c4a1c108c6f994/scipy-1.17.0-cp311-cp311-win_arm64.whl", hash = "sha256:85b0ac3ad17fa3be50abd7e69d583d98792d7edc08367e01445a1e2076005379", size = 24370427, upload-time = "2026-01-10T21:25:20.514Z" },
    { url = "https://files.pythonhosted.org/packages/0b/11/7241a63e73ba5a516f1930ac8d5b44cbbfabd35ac73a2d08ca206df007c4/scipy-1.17.0-cp312-cp312-macosx_10_14_x86_64.whl", hash = "sha256:0d5018a57c24cb1dd828bcf51d7b10e65986d549f52ef5adb6b4d1ded3e32a57", size = 31364580, upload-time = "2026-01-10T21:25:25.717Z" },
    { url = "https://files.pythonhosted.org/packages/ed/1d/5057f812d4f6adc91a20a2d6f2ebcdb517fdbc87ae3acc5633c9b97c8ba5/scipy-1.17.0-cp312-cp312-macosx_12_0_arm64.whl", hash = "sha256:88c22af9e5d5a4f9e027e26772cc7b5922fab8bcc839edb3ae33de404feebd9e", size = 27969012, upload-time = "2026-01-10T21:25:30.921Z" },
    { url = "https://files.pythonhosted.org/packages/e3/21/f6ec556c1e3b6ec4e088da667d9987bb77cc3ab3026511f427dc8451187d/scipy-1.17.0-cp312-cp312-macosx_14_0_arm64.whl", hash = "sha256:f3cd947f20fe17013d401b64e857c6b2da83cae567adbb75b9dcba865abc66d8", size = 20140691, upload-time = "2026-01-10T21:25:34.802Z" },
    { url = "https://files.pythonhosted.org/packages/7a/fe/5e5ad04784964ba964a96f16c8d4676aa1b51357199014dce58ab7ec5670/scipy-1.17.0-cp312-cp312-macosx_14_0_x86_64.whl", hash = "sha256:e8c0b331c2c1f531eb51f1b4fc9ba709521a712cce58f1aa627bc007421a5306", size = 22463015, upload-time = "2026-01-10T21:25:39.277Z" },
    { url = "https://files.pythonhosted.org/packages/4a/69/7c347e857224fcaf32a34a05183b9d8a7aca25f8f2d10b8a698b8388561a/scipy-1.17.0-cp312-cp312-manylinux_2_27_aarch64.manylinux_2_28_aarch64.whl", hash = "sha256:5194c445d0a1c7a6c1a4a4681b6b7c71baad98ff66d96b949097e7513c9d6742", size = 32724197, upload-time = "2026-01-10T21:25:44.084Z" },
    { url = "https://files.pythonhosted.org/packages/d1/fe/66d73b76d378ba8cc2fe605920c0c75092e3a65ae746e1e767d9d020a75a/scipy-1.17.0-cp312-cp312-manylinux_2_27_x86_64.manylinux_2_28_x86_64.whl", hash = "sha256:9eeb9b5f5997f75507814ed9d298ab23f62cf79f5a3ef90031b1ee2506abdb5b", size = 35009148, upload-time = "2026-01-10T21:25:50.591Z" },
    { url = "https://files.pythonhosted.org/packages/af/07/07dec27d9dc41c18d8c43c69e9e413431d20c53a0339c388bcf72f353c4b/scipy-1.17.0-cp312-cp312-musllinux_1_2_aarch64.whl", hash = "sha256:40052543f7bbe921df4408f46003d6f01c6af109b9e2c8a66dd1cf6cf57f7d5d", size = 34798766, upload-time = "2026-01-10T21:25:59.41Z" },
    { url = "https://files.pythonhosted.org/packages/81/61/0470810c8a093cdacd4ba7504b8a218fd49ca070d79eca23a615f5d9a0b0/scipy-1.17.0-cp312-cp312-musllinux_1_2_x86_64.whl", hash = "sha256:0cf46c8013fec9d3694dc572f0b54100c28405d55d3e2cb15e2895b25057996e", size = 37405953, upload-time = "2026-01-10T21:26:07.75Z" },
    { url = "https://files.pythonhosted.org/packages/92/ce/672ed546f96d5d41ae78c4b9b02006cedd0b3d6f2bf5bb76ea455c320c28/scipy-1.17.0-cp312-cp312-win_amd64.whl", hash = "sha256:0937a0b0d8d593a198cededd4c439a0ea216a3f36653901ea1f3e4be949056f8", size = 36328121, upload-time = "2026-01-10T21:26:16.509Z" },
    { url = "https://files.pythonhosted.org/packages/9d/21/38165845392cae67b61843a52c6455d47d0cc2a40dd495c89f4362944654/scipy-1.17.0-cp312-cp312-win_arm64.whl", hash = "sha256:f603d8a5518c7426414d1d8f82e253e454471de682ce5e39c29adb0df1efb86b", size = 24314368, upload-time = "2026-01-10T21:26:23.087Z" },
    { url = "https://files.pythonhosted.org/packages/0c/51/3468fdfd49387ddefee1636f5cf6d03ce603b75205bf439bbf0e62069bfd/scipy-1.17.0-cp313-cp313-macosx_10_14_x86_64.whl", hash = "sha256:65ec32f3d32dfc48c72df4291345dae4f048749bc8d5203ee0a3f347f96c5ce6", size = 31344101, upload-time = "2026-01-10T21:26:30.25Z" },
    { url = "https://files.pythonhosted.org/packages/b2/9a/9406aec58268d437636069419e6977af953d1e246df941d42d3720b7277b/scipy-1.17.0-cp313-cp313-macosx_12_0_arm64.whl", hash = "sha256:1f9586a58039d7229ce77b52f8472c972448cded5736eaf102d5658bbac4c269", size = 27950385, upload-time = "2026-01-10T21:26:36.801Z" },
    { url = "https://files.pythonhosted.org/packages/4f/98/e7342709e17afdfd1b26b56ae499ef4939b45a23a00e471dfb5375eea205/scipy-1.17.0-cp313-cp313-macosx_14_0_arm64.whl", hash = "sha256:9fad7d3578c877d606b1150135c2639e9de9cecd3705caa37b66862977cc3e72", size = 20122115, upload-time = "2026-01-10T21:26:42.107Z" },
    { url = "https://files.pythonhosted.org/packages/fd/0e/9eeeb5357a64fd157cbe0302c213517c541cc16b8486d82de251f3c68ede/scipy-1.17.0-cp313-cp313-macosx_14_0_x86_64.whl", hash = "sha256:423ca1f6584fc03936972b5f7c06961670dbba9f234e71676a7c7ccf938a0d61", size = 22442402, upload-time = "2026-01-10T21:26:48.029Z" },
    { url = "https://files.pythonhosted.org/packages/c9/10/be13397a0e434f98e0c79552b2b584ae5bb1c8b2be95db421533bbca5369/scipy-1.17.0-cp313-cp313-manylinux_2_27_aarch64.manylinux_2_28_aarch64.whl", hash = "sha256:fe508b5690e9eaaa9467fc047f833af58f1152ae51a0d0aed67aa5801f4dd7d6", size = 32696338, upload-time = "2026-01-10T21:26:55.521Z" },
    { url = "https://files.pythonhosted.org/packages/63/1e/12fbf2a3bb240161651c94bb5cdd0eae5d4e8cc6eaeceb74ab07b12a753d/scipy-1.17.0-cp313-cp313-manylinux_2_27_x86_64.manylinux_2_28_x86_64.whl", hash = "sha256:6680f2dfd4f6182e7d6db161344537da644d1cf85cf293f015c60a17ecf08752", size = 34977201, upload-time = "2026-01-10T21:27:03.501Z" },
    { url = "https://files.pythonhosted.org/packages/19/5b/1a63923e23ccd20bd32156d7dd708af5bbde410daa993aa2500c847ab2d2/scipy-1.17.0-cp313-cp313-musllinux_1_2_aarch64.whl", hash = "sha256:eec3842ec9ac9de5917899b277428886042a93db0b227ebbe3a333b64ec7643d", size = 34777384, upload-time = "2026-01-10T21:27:11.423Z" },
    { url = "https://files.pythonhosted.org/packages/39/22/b5da95d74edcf81e540e467202a988c50fef41bd2011f46e05f72ba07df6/scipy-1.17.0-cp313-cp313-musllinux_1_2_x86_64.whl", hash = "sha256:d7425fcafbc09a03731e1bc05581f5fad988e48c6a861f441b7ab729a49a55ea", size = 37379586, upload-time = "2026-01-10T21:27:20.171Z" },
    { url = "https://files.pythonhosted.org/packages/b9/b6/8ac583d6da79e7b9e520579f03007cb006f063642afd6b2eeb16b890bf93/scipy-1.17.0-cp313-cp313-win_amd64.whl", hash = "sha256:87b411e42b425b84777718cc41516b8a7e0795abfa8e8e1d573bf0ef014f0812", size = 36287211, upload-time = "2026-01-10T21:28:43.122Z" },
    { url = "https://files.pythonhosted.org/packages/55/fb/7db19e0b3e52f882b420417644ec81dd57eeef1bd1705b6f689d8ff93541/scipy-1.17.0-cp313-cp313-win_arm64.whl", hash = "sha256:357ca001c6e37601066092e7c89cca2f1ce74e2a520ca78d063a6d2201101df2", size = 24312646, upload-time = "2026-01-10T21:28:49.893Z" },
    { url = "https://files.pythonhosted.org/packages/20/b6/7feaa252c21cc7aff335c6c55e1b90ab3e3306da3f048109b8b639b94648/scipy-1.17.0-cp313-cp313t-macosx_10_14_x86_64.whl", hash = "sha256:ec0827aa4d36cb79ff1b81de898e948a51ac0b9b1c43e4a372c0508c38c0f9a3", size = 31693194, upload-time = "2026-01-10T21:27:27.454Z" },
    { url = "https://files.pythonhosted.org/packages/76/bb/bbb392005abce039fb7e672cb78ac7d158700e826b0515cab6b5b60c26fb/scipy-1.17.0-cp313-cp313t-macosx_12_0_arm64.whl", hash = "sha256:819fc26862b4b3c73a60d486dbb919202f3d6d98c87cf20c223511429f2d1a97", size = 28365415, upload-time = "2026-01-10T21:27:34.26Z" },
    { url = "https://files.pythonhosted.org/packages/37/da/9d33196ecc99fba16a409c691ed464a3a283ac454a34a13a3a57c0d66f3a/scipy-1.17.0-cp313-cp313t-macosx_14_0_arm64.whl", hash = "sha256:363ad4ae2853d88ebcde3ae6ec46ccca903ea9835ee8ba543f12f575e7b07e4e", size = 20537232, upload-time = "2026-01-10T21:27:40.306Z" },
    { url = "https://files.pythonhosted.org/packages/56/9d/f4b184f6ddb28e9a5caea36a6f98e8ecd2a524f9127354087ce780885d83/scipy-1.17.0-cp313-cp313t-macosx_14_0_x86_64.whl", hash = "sha256:979c3a0ff8e5ba254d45d59ebd38cde48fce4f10b5125c680c7a4bfe177aab07", size = 22791051, upload-time = "2026-01-10T21:27:46.539Z" },
    { url = "https://files.pythonhosted.org/packages/9b/9d/025cccdd738a72140efc582b1641d0dd4caf2e86c3fb127568dc80444e6e/scipy-1.17.0-cp313-cp313t-manylinux_2_27_aarch64.manylinux_2_28_aarch64.whl", hash = "sha256:130d12926ae34399d157de777472bf82e9061c60cc081372b3118edacafe1d00", size = 32815098, upload-time = "2026-01-10T21:27:54.389Z" },
    { url = "https://files.pythonhosted.org/packages/48/5f/09b879619f8bca15ce392bfc1894bd9c54377e01d1b3f2f3b595a1b4d945/scipy-1.17.0-cp313-cp313t-manylinux_2_27_x86_64.manylinux_2_28_x86_64.whl", hash = "sha256:6e886000eb4919eae3a44f035e63f0fd8b651234117e8f6f29bad1cd26e7bc45", size = 35031342, upload-time = "2026-01-10T21:28:03.012Z" },
    { url = "https://files.pythonhosted.org/packages/f2/9a/f0f0a9f0aa079d2f106555b984ff0fbb11a837df280f04f71f056ea9c6e4/scipy-1.17.0-cp313-cp313t-musllinux_1_2_aarch64.whl", hash = "sha256:13c4096ac6bc31d706018f06a49abe0485f96499deb82066b94d19b02f664209", size = 34893199, upload-time = "2026-01-10T21:28:10.832Z" },
    { url = "https://files.pythonhosted.org/packages/90/b8/4f0f5cf0c5ea4d7548424e6533e6b17d164f34a6e2fb2e43ffebb6697b06/scipy-1.17.0-cp313-cp313t-musllinux_1_2_x86_64.whl", hash = "sha256:cacbaddd91fcffde703934897c5cd2c7cb0371fac195d383f4e1f1c5d3f3bd04", size = 37438061, upload-time = "2026-01-10T21:28:19.684Z" },
    { url = "https://files.pythonhosted.org/packages/f9/cc/2bd59140ed3b2fa2882fb15da0a9cb1b5a6443d67cfd0d98d4cec83a57ec/scipy-1.17.0-cp313-cp313t-win_amd64.whl", hash = "sha256:edce1a1cf66298cccdc48a1bdf8fb10a3bf58e8b58d6c3883dd1530e103f87c0", size = 36328593, upload-time = "2026-01-10T21:28:28.007Z" },
    { url = "https://files.pythonhosted.org/packages/13/1b/c87cc44a0d2c7aaf0f003aef2904c3d097b422a96c7e7c07f5efd9073c1b/scipy-1.17.0-cp313-cp313t-win_arm64.whl", hash = "sha256:30509da9dbec1c2ed8f168b8d8aa853bc6723fede1dbc23c7d43a56f5ab72a67", size = 24625083, upload-time = "2026-01-10T21:28:35.188Z" },
    { url = "https://files.pythonhosted.org/packages/1a/2d/51006cd369b8e7879e1c630999a19d1fbf6f8b5ed3e33374f29dc87e53b3/scipy-1.17.0-cp314-cp314-macosx_10_14_x86_64.whl", hash = "sha256:c17514d11b78be8f7e6331b983a65a7f5ca1fd037b95e27b280921fe5606286a", size = 31346803, upload-time = "2026-01-10T21:28:57.24Z" },
    { url = "https://files.pythonhosted.org/packages/d6/2e/2349458c3ce445f53a6c93d4386b1c4c5c0c540917304c01222ff95ff317/scipy-1.17.0-cp314-cp314-macosx_12_0_arm64.whl", hash = "sha256:4e00562e519c09da34c31685f6acc3aa384d4d50604db0f245c14e1b4488bfa2", size = 27967182, upload-time = "2026-01-10T21:29:04.107Z" },
    { url = "https://files.pythonhosted.org/packages/5e/7c/df525fbfa77b878d1cfe625249529514dc02f4fd5f45f0f6295676a76528/scipy-1.17.0-cp314-cp314-macosx_14_0_arm64.whl", hash = "sha256:f7df7941d71314e60a481e02d5ebcb3f0185b8d799c70d03d8258f6c80f3d467", size = 20139125, upload-time = "2026-01-10T21:29:10.179Z" },
    { url = "https://files.pythonhosted.org/packages/33/11/fcf9d43a7ed1234d31765ec643b0515a85a30b58eddccc5d5a4d12b5f194/scipy-1.17.0-cp314-cp314-macosx_14_0_x86_64.whl", hash = "sha256:aabf057c632798832f071a8dde013c2e26284043934f53b00489f1773b33527e", size = 22443554, upload-time = "2026-01-10T21:29:15.888Z" },
    { url = "https://files.pythonhosted.org/packages/80/5c/ea5d239cda2dd3d31399424967a24d556cf409fbea7b5b21412b0fd0a44f/scipy-1.17.0-cp314-cp314-manylinux_2_27_aarch64.manylinux_2_28_aarch64.whl", hash = "sha256:a38c3337e00be6fd8a95b4ed66b5d988bac4ec888fd922c2ea9fe5fb1603dd67", size = 32757834, upload-time = "2026-01-10T21:29:23.406Z" },
    { url = "https://files.pythonhosted.org/packages/b8/7e/8c917cc573310e5dc91cbeead76f1b600d3fb17cf0969db02c9cf92e3cfa/scipy-1.17.0-cp314-cp314-manylinux_2_27_x86_64.manylinux_2_28_x86_64.whl", hash = "sha256:00fb5f8ec8398ad90215008d8b6009c9db9fa924fd4c7d6be307c6f945f9cd73", size = 34995775, upload-time = "2026-01-10T21:29:31.915Z" },
    { url = "https://files.pythonhosted.org/packages/c5/43/176c0c3c07b3f7df324e7cdd933d3e2c4898ca202b090bd5ba122f9fe270/scipy-1.17.0-cp314-cp314-musllinux_1_2_aarch64.whl", hash = "sha256:f2a4942b0f5f7c23c7cd641a0ca1955e2ae83dedcff537e3a0259096635e186b", size = 34841240, upload-time = "2026-01-10T21:29:39.995Z" },
    { url = "https://files.pythonhosted.org/packages/44/8c/d1f5f4b491160592e7f084d997de53a8e896a3ac01cd07e59f43ca222744/scipy-1.17.0-cp314-cp314-musllinux_1_2_x86_64.whl", hash = "sha256:dbf133ced83889583156566d2bdf7a07ff89228fe0c0cb727f777de92092ec6b", size = 37394463, upload-time = "2026-01-10T21:29:48.723Z" },
    { url = "https://files.pythonhosted.org/packages/9f/ec/42a6657f8d2d087e750e9a5dde0b481fd135657f09eaf1cf5688bb23c338/scipy-1.17.0-cp314-cp314-win_amd64.whl", hash = "sha256:3625c631a7acd7cfd929e4e31d2582cf00f42fcf06011f59281271746d77e061", size = 37053015, upload-time = "2026-01-10T21:30:51.418Z" },
    { url = "https://files.pythonhosted.org/packages/27/58/6b89a6afd132787d89a362d443a7bddd511b8f41336a1ae47f9e4f000dc4/scipy-1.17.0-cp314-cp314-win_arm64.whl", hash = "sha256:9244608d27eafe02b20558523ba57f15c689357c85bdcfe920b1828750aa26eb", size = 24951312, upload-time = "2026-01-10T21:30:56.771Z" },
    { url = "https://files.pythonhosted.org/packages/e9/01/f58916b9d9ae0112b86d7c3b10b9e685625ce6e8248df139d0fcb17f7397/scipy-1.17.0-cp314-cp314t-macosx_10_14_x86_64.whl", hash = "sha256:2b531f57e09c946f56ad0b4a3b2abee778789097871fc541e267d2eca081cff1", size = 31706502, upload-time = "2026-01-10T21:29:56.326Z" },
    { url = "https://files.pythonhosted.org/packages/59/8e/2912a87f94a7d1f8b38aabc0faf74b82d3b6c9e22be991c49979f0eceed8/scipy-1.17.0-cp314-cp314t-macosx_12_0_arm64.whl", hash = "sha256:13e861634a2c480bd237deb69333ac79ea1941b94568d4b0efa5db5e263d4fd1", size = 28380854, upload-time = "2026-01-10T21:30:01.554Z" },
    { url = "https://files.pythonhosted.org/packages/bd/1c/874137a52dddab7d5d595c1887089a2125d27d0601fce8c0026a24a92a0b/scipy-1.17.0-cp314-cp314t-macosx_14_0_arm64.whl", hash = "sha256:eb2651271135154aa24f6481cbae5cc8af1f0dd46e6533fb7b56aa9727b6a232", size = 20552752, upload-time = "2026-01-10T21:30:05.93Z" },
    { url = "https://files.pythonhosted.org/packages/3f/f0/7518d171cb735f6400f4576cf70f756d5b419a07fe1867da34e2c2c9c11b/scipy-1.17.0-cp314-cp314t-macosx_14_0_x86_64.whl", hash = "sha256:c5e8647f60679790c2f5c76be17e2e9247dc6b98ad0d3b065861e082c56e078d", size = 22803972, upload-time = "2026-01-10T21:30:10.651Z" },
    { url = "https://files.pythonhosted.org/packages/7c/74/3498563a2c619e8a3ebb4d75457486c249b19b5b04a30600dfd9af06bea5/scipy-1.17.0-cp314-cp314t-manylinux_2_27_aarch64.manylinux_2_28_aarch64.whl", hash = "sha256:5fb10d17e649e1446410895639f3385fd2bf4c3c7dfc9bea937bddcbc3d7b9ba", size = 32829770, upload-time = "2026-01-10T21:30:16.359Z" },
    { url = "https://files.pythonhosted.org/packages/48/d1/7b50cedd8c6c9d6f706b4b36fa8544d829c712a75e370f763b318e9638c1/scipy-1.17.0-cp314-cp314t-manylinux_2_27_x86_64.manylinux_2_28_x86_64.whl", hash = "sha256:8547e7c57f932e7354a2319fab613981cde910631979f74c9b542bb167a8b9db", size = 35051093, upload-time = "2026-01-10T21:30:22.987Z" },
    { url = "https://files.pythonhosted.org/packages/e2/82/a2d684dfddb87ba1b3ea325df7c3293496ee9accb3a19abe9429bce94755/scipy-1.17.0-cp314-cp314t-musllinux_1_2_aarch64.whl", hash = "sha256:33af70d040e8af9d5e7a38b5ed3b772adddd281e3062ff23fec49e49681c38cf", size = 34909905, upload-time = "2026-01-10T21:30:28.704Z" },
    { url = "https://files.pythonhosted.org/packages/ef/5e/e565bd73991d42023eb82bb99e51c5b3d9e2c588ca9d4b3e2cc1d3ca62a6/scipy-1.17.0-cp314-cp314t-musllinux_1_2_x86_64.whl", hash = "sha256:f9eb55bb97d00f8b7ab95cb64f873eb0bf54d9446264d9f3609130381233483f", size = 37457743, upload-time = "2026-01-10T21:30:34.819Z" },
    { url = "https://files.pythonhosted.org/packages/58/a8/a66a75c3d8f1fb2b83f66007d6455a06a6f6cf5618c3dc35bc9b69dd096e/scipy-1.17.0-cp314-cp314t-win_amd64.whl", hash = "sha256:1ff269abf702f6c7e67a4b7aad981d42871a11b9dd83c58d2d2ea624efbd1088", size = 37098574, upload-time = "2026-01-10T21:30:40.782Z" },
    { url = "https://files.pythonhosted.org/packages/56/a5/df8f46ef7da168f1bc52cd86e09a9de5c6f19cc1da04454d51b7d4f43408/scipy-1.17.0-cp314-cp314t-win_arm64.whl", hash = "sha256:031121914e295d9791319a1875444d55079885bbae5bdc9c5e0f2ee5f09d34ff", size = 25246266, upload-time = "2026-01-10T21:30:45.923Z" },
]

[[package]]
name = "typing-extensions"
version = "4.15.0"
source = { registry = "https://pypi.org/simple" }
sdist = { url = "https://files.pythonhosted.org/packages/72/94/1a15dd82efb362ac84269196e94cf00f187f7ed21c242792a923cdb1c61f/typing_extensions-4.15.0.tar.gz", hash = "sha256:0cea48d173cc12fa28ecabc3b837ea3cf6f38c6d1136f85cbaaf598984861466", size = 109391, upload-time = "2025-08-25T13:49:26.313Z" }
wheels = [
    { url = "https://files.pythonhosted.org/packages/18/67/36e9267722cc04a6b9f15c7f3441c2363321a3ea07da7ae0c0707beb2a9c/typing_extensions-4.15.0-py3-none-any.whl", hash = "sha256:f0fa19c6845758ab08074a0cfa8b7aecb71c999ca73d62883bc25cc018c4e548", size = 44614, upload-time = "2025-08-25T13:49:24.86Z" },
]
